{
	"name": "whatsopen",
	"version": "1.0.0",
	"lockfileVersion": 3,
	"requires": true,
	"packages": {
		"": {
			"name": "whatsopen",
			"version": "1.0.0",
			"license": "ISC",
			"dependencies": {
				"serve-handler": "^6.1.6",
				"tlsd": "file:../tlsd",
				"ws": "^8.18.0"
			}
		},
		"../tlsd": {
			"version": "2.12.0",
			"license": "ISC",
			"dependencies": {
				"allcore": "^1.0.1",
				"body-parser": "^1.20.2",
				"compression": "^1.7.4",
				"connect": "^3.7.0",
				"cors": "^2.8.5",
				"g": "^2.0.1",
				"greenlock-express": "^4.0.3",
				"sass": "^1.69.5",
				"serve-static": "^1.15.0",
				"sleepless": "^5.13.0",
				"websocket": "^1.0.34"
			},
			"bin": {
				"tlsd": "tlsd"
			}
		},
		"node_modules/balanced-match": {
			"version": "1.0.2",
			"resolved": "https://registry.npmjs.org/balanced-match/-/balanced-match-1.0.2.tgz",
			"integrity": "sha512-3oSeUO0TMV67hN1AmbXsK4yaqU7tjiHlbxRDZOpH0KW9+CeX4bRAaX0Anxt0tx2MrpRpWwQaPwIlISEJhYU5Pw=="
		},
		"node_modules/brace-expansion": {
			"version": "1.1.11",
			"resolved": "https://registry.npmjs.org/brace-expansion/-/brace-expansion-1.1.11.tgz",
			"integrity": "sha512-iCuPHDFgrHX7H2vEI/5xpz07zSHB00TpugqhmYtVmMO6518mCuRMoOYFldEBl0g187ufozdaHgWKcYFb61qGiA==",
			"dependencies": {
				"balanced-match": "^1.0.0",
				"concat-map": "0.0.1"
			}
		},
		"node_modules/bufferutil": {
			"version": "4.0.9",
			"resolved": "https://registry.npmjs.org/bufferutil/-/bufferutil-4.0.9.tgz",
			"integrity": "sha512-WDtdLmJvAuNNPzByAYpRo2rF1Mmradw6gvWsQKf63476DDXmomT9zUiGypLcG4ibIM67vhAj8jJRdbmEws2Aqw==",
			"hasInstallScript": true,
			"optional": true,
			"peer": true,
			"dependencies": {
				"node-gyp-build": "^4.3.0"
			},
			"engines": {
				"node": ">=6.14.2"
			}
		},
		"node_modules/bytes": {
			"version": "3.0.0",
			"resolved": "https://registry.npmjs.org/bytes/-/bytes-3.0.0.tgz",
			"integrity": "sha512-pMhOfFDPiv9t5jjIXkHosWmkSyQbvsgEVNkz0ERHbuLh2T/7j4Mqqpz523Fe8MVY89KC6Sh/QfS2sM+SjgFDcw==",
			"engines": {
				"node": ">= 0.8"
			}
		},
		"node_modules/concat-map": {
			"version": "0.0.1",
			"resolved": "https://registry.npmjs.org/concat-map/-/concat-map-0.0.1.tgz",
			"integrity": "sha512-/Srv4dswyQNBfohGpz9o6Yb3Gz3SrUDqBH5rTuhGR7ahtlbYKnVxw2bCFMRljaA7EXHaXZ8wsHdodFvbkhKmqg=="
		},
		"node_modules/content-disposition": {
			"version": "0.5.2",
			"resolved": "https://registry.npmjs.org/content-disposition/-/content-disposition-0.5.2.tgz",
			"integrity": "sha512-kRGRZw3bLlFISDBgwTSA1TMBFN6J6GWDeubmDE3AF+3+yXL8hTWv8r5rkLbqYXY4RjPk/EzHnClI3zQf1cFmHA==",
			"engines": {
				"node": ">= 0.6"
			}
		},
		"node_modules/mime-db": {
			"version": "1.33.0",
			"resolved": "https://registry.npmjs.org/mime-db/-/mime-db-1.33.0.tgz",
			"integrity": "sha512-BHJ/EKruNIqJf/QahvxwQZXKygOQ256myeN/Ew+THcAa5q+PjyTTMMeNQC4DZw5AwfvelsUrA6B67NKMqXDbzQ==",
			"engines": {
				"node": ">= 0.6"
			}
		},
		"node_modules/mime-types": {
			"version": "2.1.18",
			"resolved": "https://registry.npmjs.org/mime-types/-/mime-types-2.1.18.tgz",
			"integrity": "sha512-lc/aahn+t4/SWV/qcmumYjymLsWfN3ELhpmVuUFjgsORruuZPVSwAQryq+HHGvO/SI2KVX26bx+En+zhM8g8hQ==",
			"dependencies": {
				"mime-db": "~1.33.0"
			},
			"engines": {
				"node": ">= 0.6"
			}
		},
		"node_modules/minimatch": {
			"version": "3.1.2",
			"resolved": "https://registry.npmjs.org/minimatch/-/minimatch-3.1.2.tgz",
			"integrity": "sha512-J7p63hRiAjw1NDEww1W7i37+ByIrOWO5XQQAzZ3VOcL0PNybwpfmV/N05zFAzwQ9USyEcX6t3UO+K5aqBQOIHw==",
			"dependencies": {
				"brace-expansion": "^1.1.7"
			},
			"engines": {
				"node": "*"
			}
		},
		"node_modules/node-gyp-build": {
			"version": "4.8.4",
			"resolved": "https://registry.npmjs.org/node-gyp-build/-/node-gyp-build-4.8.4.tgz",
			"integrity": "sha512-LA4ZjwlnUblHVgq0oBF3Jl/6h/Nvs5fzBLwdEF4nuxnFdsfajde4WfxtJr3CaiH+F6ewcIB/q4jQ4UzPyid+CQ==",
			"optional": true,
			"peer": true,
			"bin": {
				"node-gyp-build": "bin.js",
				"node-gyp-build-optional": "optional.js",
				"node-gyp-build-test": "build-test.js"
			}
		},
		"node_modules/path-is-inside": {
			"version": "1.0.2",
			"resolved": "https://registry.npmjs.org/path-is-inside/-/path-is-inside-1.0.2.tgz",
			"integrity": "sha512-DUWJr3+ULp4zXmol/SZkFf3JGsS9/SIv+Y3Rt93/UjPpDpklB5f1er4O3POIbUuUJ3FXgqte2Q7SrU6zAqwk8w=="
		},
		"node_modules/path-to-regexp": {
			"version": "3.3.0",
			"resolved": "https://registry.npmjs.org/path-to-regexp/-/path-to-regexp-3.3.0.tgz",
			"integrity": "sha512-qyCH421YQPS2WFDxDjftfc1ZR5WKQzVzqsp4n9M2kQhVOo/ByahFoUNJfl58kOcEGfQ//7weFTDhm+ss8Ecxgw=="
		},
		"node_modules/range-parser": {
			"version": "1.2.0",
			"resolved": "https://registry.npmjs.org/range-parser/-/range-parser-1.2.0.tgz",
			"integrity": "sha512-kA5WQoNVo4t9lNx2kQNFCxKeBl5IbbSNBl1M/tLkw9WCn+hxNBAW5Qh8gdhs63CJnhjJ2zQWFoqPJP2sK1AV5A==",
			"engines": {
				"node": ">= 0.6"
			}
		},
		"node_modules/serve-handler": {
			"version": "6.1.6",
			"resolved": "https://registry.npmjs.org/serve-handler/-/serve-handler-6.1.6.tgz",
			"integrity": "sha512-x5RL9Y2p5+Sh3D38Fh9i/iQ5ZK+e4xuXRd/pGbM4D13tgo/MGwbttUk8emytcr1YYzBYs+apnUngBDFYfpjPuQ==",
			"dependencies": {
				"bytes": "3.0.0",
				"content-disposition": "0.5.2",
				"mime-types": "2.1.18",
				"minimatch": "3.1.2",
				"path-is-inside": "1.0.2",
				"path-to-regexp": "3.3.0",
				"range-parser": "1.2.0"
			}
		},
		"node_modules/tlsd": {
			"resolved": "../tlsd",
			"link": true
		},
		"node_modules/utf-8-validate": {
			"version": "5.0.10",
			"resolved": "https://registry.npmjs.org/utf-8-validate/-/utf-8-validate-5.0.10.tgz",
			"integrity": "sha512-Z6czzLq4u8fPOyx7TU6X3dvUZVvoJmxSQ+IcrlmagKhilxlhZgxPK6C5Jqbkw1IDUmFTM+cz9QDnnLTwDz/2gQ==",
			"hasInstallScript": true,
			"optional": true,
			"peer": true,
			"dependencies": {
				"node-gyp-build": "^4.3.0"
			},
			"engines": {
				"node": ">=6.14.2"
			}
		},
		"node_modules/ws": {
			"version": "8.18.0",
			"resolved": "https://registry.npmjs.org/ws/-/ws-8.18.0.tgz",
			"integrity": "sha512-8VbfWfHLbbwu3+N6OKsOMpBdT4kXPDDB9cJk2bJ6mh9ucxdlnNvH1e+roYkKmN9Nxw2yjz7VzeO9oOz2zJ04Pw==",
			"engines": {
				"node": ">=10.0.0"
			},
			"peerDependencies": {
				"bufferutil": "^4.0.1",
				"utf-8-validate": ">=5.0.2"
			},
			"peerDependenciesMeta": {
				"bufferutil": {
					"optional": true
				},
				"utf-8-validate": {
					"optional": true
				}
			}
		}
	}
}
